
Microsoft Visual Studio Solution File, Format Version 12.00
# Visual Studio Version 17
VisualStudioVersion = 17.9.34701.34
MinimumVisualStudioVersion = 10.0.40219.1
Project("{FAE04EC0-301F-11D3-BF4B-00C04F79EFBC}") = "ConsoleApp1", "ConsoleApp1\ConsoleApp1.csproj", "{15706DE8-8E9B-4187-A6C5-4A154953E544}"
EndProject
Global
	GlobalSection(SolutionConfigurationPlatforms) = preSolution
		Debug|Any CPU = Debug|Any CPU
		Release|Any CPU = Release|Any CPU
	EndGlobalSection
	GlobalSection(ProjectConfigurationPlatforms) = postSolution
		{15706DE8-8E9B-4187-A6C5-4A154953E544}.Debug|Any CPU.ActiveCfg = Debug|Any CPU
		{15706DE8-8E9B-4187-A6C5-4A154953E544}.Debug|Any CPU.Build.0 = Debug|Any CPU
		{15706DE8-8E9B-4187-A6C5-4A154953E544}.Release|Any CPU.ActiveCfg = Release|Any CPU
		{15706DE8-8E9B-4187-A6C5-4A154953E544}.Release|Any CPU.Build.0 = Release|Any CPU
	EndGlobalSection
	GlobalSection(SolutionProperties) = preSolution
		HideSolutionNode = FALSE
	EndGlobalSection
	GlobalSection(ExtensibilityGlobals) = postSolution
		SolutionGuid = {CB826087-B258-4653-B791-06EC289D8FA2}
	EndGlobalSection
EndGlobal
